
Microsoft Visual Studio Solution File, Format Version 12.00
# Visual Studio Version 16
VisualStudioVersion = 16.0.30907.101
MinimumVisualStudioVersion = 10.0.40219.1
Project("{FAE04EC0-301F-11D3-BF4B-00C04F79EFBC}") = "ControlVee.Port.Interfaces", "ControlVee.Port.Interfaces\ControlVee.Port.Interfaces.csproj", "{08C4A85E-655B-464B-9A07-47BC35F8CB18}"
EndProject
Global
	GlobalSection(SolutionConfigurationPlatforms) = preSolution
		Debug|Any CPU = Debug|Any CPU
		Release|Any CPU = Release|Any CPU
	EndGlobalSection
	GlobalSection(ProjectConfigurationPlatforms) = postSolution
		{08C4A85E-655B-464B-9A07-47BC35F8CB18}.Debug|Any CPU.ActiveCfg = Debug|Any CPU
		{08C4A85E-655B-464B-9A07-47BC35F8CB18}.Debug|Any CPU.Build.0 = Debug|Any CPU
		{08C4A85E-655B-464B-9A07-47BC35F8CB18}.Release|Any CPU.ActiveCfg = Release|Any CPU
		{08C4A85E-655B-464B-9A07-47BC35F8CB18}.Release|Any CPU.Build.0 = Release|Any CPU
	EndGlobalSection
	GlobalSection(SolutionProperties) = preSolution
		HideSolutionNode = FALSE
	EndGlobalSection
	GlobalSection(ExtensibilityGlobals) = postSolution
		SolutionGuid = {893598EB-6941-49AC-B895-7A77894F6D5B}
	EndGlobalSection
EndGlobal
